
Microsoft Visual Studio Solution File, Format Version 12.00
# Visual Studio Version 17
VisualStudioVersion = 17.4.33110.190
MinimumVisualStudioVersion = 10.0.40219.1
Project("{FAE04EC0-301F-11D3-BF4B-00C04F79EFBC}") = "UC6-PopLast", "UC6-PopLast.csproj", "{D43C288E-0B95-416F-94E1-F064922C423C}"
EndProject
Global
	GlobalSection(SolutionConfigurationPlatforms) = preSolution
		Debug|Any CPU = Debug|Any CPU
		Release|Any CPU = Release|Any CPU
	EndGlobalSection
	GlobalSection(ProjectConfigurationPlatforms) = postSolution
		{D43C288E-0B95-416F-94E1-F064922C423C}.Debug|Any CPU.ActiveCfg = Debug|Any CPU
		{D43C288E-0B95-416F-94E1-F064922C423C}.Debug|Any CPU.Build.0 = Debug|Any CPU
		{D43C288E-0B95-416F-94E1-F064922C423C}.Release|Any CPU.ActiveCfg = Release|Any CPU
		{D43C288E-0B95-416F-94E1-F064922C423C}.Release|Any CPU.Build.0 = Release|Any CPU
	EndGlobalSection
	GlobalSection(SolutionProperties) = preSolution
		HideSolutionNode = FALSE
	EndGlobalSection
	GlobalSection(ExtensibilityGlobals) = postSolution
		SolutionGuid = {FF688614-0C89-450D-8D3E-C99D22A73A19}
	EndGlobalSection
EndGlobal
